%{"exactor": {:hex, :exactor, "2.2.3", "a6972f43bb6160afeb73e1d8ab45ba604cd0ac8b5244c557093f6e92ce582786", [], [], "hexpm"},
  "gl_utils": {:hex, :gl_utils, "0.0.1", "6a6124ac721c8e7eaead14685aba5e4779ad83b526ec350363de9d3ec2ad00ea", [], [], "hexpm"},
  "wx_utils": {:hex, :wx_utils, "0.0.2", "6b3ee8376cf122b0fdbf3f8f511b8083097488aff6d0eb626b97624765ffdf66", [], [], "hexpm"}}
